
Microsoft Visual Studio Solution File, Format Version 12.00
# Visual Studio Version 16
VisualStudioVersion = 16.0.29728.190
MinimumVisualStudioVersion = 10.0.40219.1
Project("{FAE04EC0-301F-11D3-BF4B-00C04F79EFBC}") = "DartGame", "DartGame\DartGame.csproj", "{35E8A37F-196E-4C47-8C9B-7FB3D48B6ABB}"
EndProject
Global
	GlobalSection(SolutionConfigurationPlatforms) = preSolution
		Debug|Any CPU = Debug|Any CPU
		Release|Any CPU = Release|Any CPU
	EndGlobalSection
	GlobalSection(ProjectConfigurationPlatforms) = postSolution
		{35E8A37F-196E-4C47-8C9B-7FB3D48B6ABB}.Debug|Any CPU.ActiveCfg = Debug|Any CPU
		{35E8A37F-196E-4C47-8C9B-7FB3D48B6ABB}.Debug|Any CPU.Build.0 = Debug|Any CPU
		{35E8A37F-196E-4C47-8C9B-7FB3D48B6ABB}.Release|Any CPU.ActiveCfg = Release|Any CPU
		{35E8A37F-196E-4C47-8C9B-7FB3D48B6ABB}.Release|Any CPU.Build.0 = Release|Any CPU
	EndGlobalSection
	GlobalSection(SolutionProperties) = preSolution
		HideSolutionNode = FALSE
	EndGlobalSection
	GlobalSection(ExtensibilityGlobals) = postSolution
		SolutionGuid = {EA177B9B-4EF5-410E-AEFA-2F213CF19BDF}
	EndGlobalSection
EndGlobal
